
Microsoft Visual Studio Solution File, Format Version 12.00
# Visual Studio Version 16
VisualStudioVersion = 16.0.31702.278
MinimumVisualStudioVersion = 10.0.40219.1
Project("{FAE04EC0-301F-11D3-BF4B-00C04F79EFBC}") = "LAB1_MSD_GUI", "GUI_lab1\LAB1_MSD_GUI.csproj", "{04180706-AC8E-4D0D-BA7B-F4E2F7996C53}"
EndProject
Global
	GlobalSection(SolutionConfigurationPlatforms) = preSolution
		Debug|Any CPU = Debug|Any CPU
		Release|Any CPU = Release|Any CPU
	EndGlobalSection
	GlobalSection(ProjectConfigurationPlatforms) = postSolution
		{04180706-AC8E-4D0D-BA7B-F4E2F7996C53}.Debug|Any CPU.ActiveCfg = Debug|Any CPU
		{04180706-AC8E-4D0D-BA7B-F4E2F7996C53}.Debug|Any CPU.Build.0 = Debug|Any CPU
		{04180706-AC8E-4D0D-BA7B-F4E2F7996C53}.Release|Any CPU.ActiveCfg = Release|Any CPU
		{04180706-AC8E-4D0D-BA7B-F4E2F7996C53}.Release|Any CPU.Build.0 = Release|Any CPU
	EndGlobalSection
	GlobalSection(SolutionProperties) = preSolution
		HideSolutionNode = FALSE
	EndGlobalSection
	GlobalSection(ExtensibilityGlobals) = postSolution
		SolutionGuid = {4E589137-FDD5-4BB8-A672-BD29F660197E}
	EndGlobalSection
EndGlobal
